{
  "name": "pool-smart-contract",
  "version": "1.0.0",
  "lockfileVersion": 2,
  "requires": true,
  "packages": {
    "": {
      "name": "pool-smart-contract",
      "version": "1.0.0",
      "license": "ISC",
      "dependencies": {
        "@openzeppelin/contracts-upgradeable": "^4.3.2"
      }
    },
    "node_modules/@openzeppelin/contracts-upgradeable": {
      "version": "4.3.2",
      "resolved": "https://registry.npmjs.org/@openzeppelin/contracts-upgradeable/-/contracts-upgradeable-4.3.2.tgz",
      "integrity": "sha512-i/pOaOtcqDk4UqsrOv735uYyTbn6dvfiuVu5hstsgV6c4ZKUtu88/31zT2BzkCg+3JfcwOfgg2TtRKVKKZIGkQ=="
    }
  },
  "dependencies": {
    "@openzeppelin/contracts-upgradeable": {
      "version": "4.3.2",
      "resolved": "https://registry.npmjs.org/@openzeppelin/contracts-upgradeable/-/contracts-upgradeable-4.3.2.tgz",
      "integrity": "sha512-i/pOaOtcqDk4UqsrOv735uYyTbn6dvfiuVu5hstsgV6c4ZKUtu88/31zT2BzkCg+3JfcwOfgg2TtRKVKKZIGkQ=="
    }
  }
}
